
Microsoft Visual Studio Solution File, Format Version 12.00
# Visual Studio 15
VisualStudioVersion = 15.0.27004.2005
MinimumVisualStudioVersion = 10.0.40219.1
Project("{FAE04EC0-301F-11D3-BF4B-00C04F79EFBC}") = "NetCorePal.EntityFramework.RowVersion", "NetCorePal.Entityframework.RowVersion\NetCorePal.EntityFramework.RowVersion.csproj", "{2BF117FC-98D2-4F3A-8D0A-445F3B9C6A37}"
EndProject
Project("{2150E333-8FDC-42A3-9474-1A3956D46DE8}") = "Solution Items", "Solution Items", "{C88AAA94-CB60-486B-9F12-6945C0B900B7}"
	ProjectSection(SolutionItems) = preProject
		readme.md = readme.md
	EndProjectSection
EndProject
Project("{FAE04EC0-301F-11D3-BF4B-00C04F79EFBC}") = "NetCorePal.EntityFramework.Test", "NetCorePal.EntityFramework.Test\NetCorePal.EntityFramework.Test.csproj", "{CF087009-DE96-4401-A653-F1289D242D58}"
EndProject
Global
	GlobalSection(SolutionConfigurationPlatforms) = preSolution
		Debug|Any CPU = Debug|Any CPU
		Release|Any CPU = Release|Any CPU
	EndGlobalSection
	GlobalSection(ProjectConfigurationPlatforms) = postSolution
		{2BF117FC-98D2-4F3A-8D0A-445F3B9C6A37}.Debug|Any CPU.ActiveCfg = Debug|Any CPU
		{2BF117FC-98D2-4F3A-8D0A-445F3B9C6A37}.Debug|Any CPU.Build.0 = Debug|Any CPU
		{2BF117FC-98D2-4F3A-8D0A-445F3B9C6A37}.Release|Any CPU.ActiveCfg = Release|Any CPU
		{2BF117FC-98D2-4F3A-8D0A-445F3B9C6A37}.Release|Any CPU.Build.0 = Release|Any CPU
		{CF087009-DE96-4401-A653-F1289D242D58}.Debug|Any CPU.ActiveCfg = Debug|Any CPU
		{CF087009-DE96-4401-A653-F1289D242D58}.Debug|Any CPU.Build.0 = Debug|Any CPU
		{CF087009-DE96-4401-A653-F1289D242D58}.Release|Any CPU.ActiveCfg = Release|Any CPU
		{CF087009-DE96-4401-A653-F1289D242D58}.Release|Any CPU.Build.0 = Release|Any CPU
	EndGlobalSection
	GlobalSection(SolutionProperties) = preSolution
		HideSolutionNode = FALSE
	EndGlobalSection
	GlobalSection(ExtensibilityGlobals) = postSolution
		SolutionGuid = {75FB2C4F-CBF9-484A-86C0-E583AD8A5715}
	EndGlobalSection
EndGlobal
